{
  "nodes": {
    "nixpkgs": {
      "locked": {
        "lastModified": 1626312449,
        "narHash": "sha256-EQMvoKv8xTPzdl85Vil24dpnKzmgKLF9ggo01kV7mkc=",
        "owner": "NixOS",
        "repo": "nixpkgs",
        "rev": "fe653f953d3a1f09ef6888f0ecc3490b2f2a0216",
        "type": "github"
      },
      "original": {
        "owner": "NixOS",
        "ref": "nixpkgs-unstable",
        "repo": "nixpkgs",
        "type": "github"
      }
    },
    "root": {
      "inputs": {
        "nixpkgs": "nixpkgs"
      }
    }
  },
  "root": "root",
  "version": 7
}
